
Microsoft Visual Studio Solution File, Format Version 12.00
# Visual Studio Version 17
VisualStudioVersion = 17.0.32112.339
MinimumVisualStudioVersion = 10.0.40219.1
Project("{FAE04EC0-301F-11D3-BF4B-00C04F79EFBC}") = "io_test", "io_test.csproj", "{0445B017-A607-4DF5-9A0C-164269863570}"
EndProject
Global
	GlobalSection(SolutionConfigurationPlatforms) = preSolution
		Debug|Any CPU = Debug|Any CPU
		Release|Any CPU = Release|Any CPU
	EndGlobalSection
	GlobalSection(ProjectConfigurationPlatforms) = postSolution
		{0445B017-A607-4DF5-9A0C-164269863570}.Debug|Any CPU.ActiveCfg = Debug|Any CPU
		{0445B017-A607-4DF5-9A0C-164269863570}.Debug|Any CPU.Build.0 = Debug|Any CPU
		{0445B017-A607-4DF5-9A0C-164269863570}.Release|Any CPU.ActiveCfg = Release|Any CPU
		{0445B017-A607-4DF5-9A0C-164269863570}.Release|Any CPU.Build.0 = Release|Any CPU
	EndGlobalSection
	GlobalSection(SolutionProperties) = preSolution
		HideSolutionNode = FALSE
	EndGlobalSection
	GlobalSection(ExtensibilityGlobals) = postSolution
		SolutionGuid = {F43A1A51-57C3-44EE-8F0D-B81F258720CC}
	EndGlobalSection
EndGlobal
